
Microsoft Visual Studio Solution File, Format Version 12.00
# Visual Studio Version 17
VisualStudioVersion = 17.5.33530.505
MinimumVisualStudioVersion = 10.0.40219.1
Project("{FAE04EC0-301F-11D3-BF4B-00C04F79EFBC}") = "2.1", "2.1\2.1.csproj", "{3DCF683E-7273-4073-BE00-AAEA35A02185}"
EndProject
Global
	GlobalSection(SolutionConfigurationPlatforms) = preSolution
		Debug|Any CPU = Debug|Any CPU
		Release|Any CPU = Release|Any CPU
	EndGlobalSection
	GlobalSection(ProjectConfigurationPlatforms) = postSolution
		{3DCF683E-7273-4073-BE00-AAEA35A02185}.Debug|Any CPU.ActiveCfg = Debug|Any CPU
		{3DCF683E-7273-4073-BE00-AAEA35A02185}.Debug|Any CPU.Build.0 = Debug|Any CPU
		{3DCF683E-7273-4073-BE00-AAEA35A02185}.Release|Any CPU.ActiveCfg = Release|Any CPU
		{3DCF683E-7273-4073-BE00-AAEA35A02185}.Release|Any CPU.Build.0 = Release|Any CPU
	EndGlobalSection
	GlobalSection(SolutionProperties) = preSolution
		HideSolutionNode = FALSE
	EndGlobalSection
	GlobalSection(ExtensibilityGlobals) = postSolution
		SolutionGuid = {E37C6B37-BA45-4CBC-89E8-7E30F8915C4B}
	EndGlobalSection
EndGlobal
